
Microsoft Visual Studio Solution File, Format Version 12.00
# Visual Studio 15
VisualStudioVersion = 15.0.28307.852
MinimumVisualStudioVersion = 10.0.40219.1
Project("{FAE04EC0-301F-11D3-BF4B-00C04F79EFBC}") = "TestXam.Android", "TestXam\TestXam.Android\TestXam.Android.csproj", "{8E351CD8-8B72-4A6B-9BED-5DB746E3E325}"
EndProject
Project("{FAE04EC0-301F-11D3-BF4B-00C04F79EFBC}") = "TestXam.iOS", "TestXam\TestXam.iOS\TestXam.iOS.csproj", "{EA6973A5-3DAE-4611-9130-AF1696703838}"
EndProject
Project("{FAE04EC0-301F-11D3-BF4B-00C04F79EFBC}") = "TestXam.UWP", "TestXam\TestXam.UWP\TestXam.UWP.csproj", "{50397358-7E75-4747-AD97-6DFC253CC4D4}"
EndProject
Project("{FAE04EC0-301F-11D3-BF4B-00C04F79EFBC}") = "TestXam", "TestXam\TestXam\TestXam.csproj", "{7365514A-F17F-42E0-B919-FB808B1ED2D7}"
EndProject
Global
	GlobalSection(SolutionConfigurationPlatforms) = preSolution
		Ad-Hoc|Any CPU = Ad-Hoc|Any CPU
		Ad-Hoc|ARM = Ad-Hoc|ARM
		Ad-Hoc|iPhone = Ad-Hoc|iPhone
		Ad-Hoc|iPhoneSimulator = Ad-Hoc|iPhoneSimulator
		Ad-Hoc|x64 = Ad-Hoc|x64
		Ad-Hoc|x86 = Ad-Hoc|x86
		AppStore|Any CPU = AppStore|Any CPU
		AppStore|ARM = AppStore|ARM
		AppStore|iPhone = AppStore|iPhone
		AppStore|iPhoneSimulator = AppStore|iPhoneSimulator
		AppStore|x64 = AppStore|x64
		AppStore|x86 = AppStore|x86
		Debug|Any CPU = Debug|Any CPU
		Debug|ARM = Debug|ARM
		Debug|iPhone = Debug|iPhone
		Debug|iPhoneSimulator = Debug|iPhoneSimulator
		Debug|x64 = Debug|x64
		Debug|x86 = Debug|x86
		Release|Any CPU = Release|Any CPU
		Release|ARM = Release|ARM
		Release|iPhone = Release|iPhone
		Release|iPhoneSimulator = Release|iPhoneSimulator
		Release|x64 = Release|x64
		Release|x86 = Release|x86
	EndGlobalSection
	GlobalSection(ProjectConfigurationPlatforms) = postSolution
		{8E351CD8-8B72-4A6B-9BED-5DB746E3E325}.Ad-Hoc|Any CPU.ActiveCfg = Release|Any CPU
		{8E351CD8-8B72-4A6B-9BED-5DB746E3E325}.Ad-Hoc|Any CPU.Build.0 = Release|Any CPU
		{8E351CD8-8B72-4A6B-9BED-5DB746E3E325}.Ad-Hoc|Any CPU.Deploy.0 = Release|Any CPU
		{8E351CD8-8B72-4A6B-9BED-5DB746E3E325}.Ad-Hoc|ARM.ActiveCfg = Release|Any CPU
		{8E351CD8-8B72-4A6B-9BED-5DB746E3E325}.Ad-Hoc|ARM.Build.0 = Release|Any CPU
		{8E351CD8-8B72-4A6B-9BED-5DB746E3E325}.Ad-Hoc|ARM.Deploy.0 = Release|Any CPU
		{8E351CD8-8B72-4A6B-9BED-5DB746E3E325}.Ad-Hoc|iPhone.ActiveCfg = Release|Any CPU
		{8E351CD8-8B72-4A6B-9BED-5DB746E3E325}.Ad-Hoc|iPhone.Build.0 = Release|Any CPU
		{8E351CD8-8B72-4A6B-9BED-5DB746E3E325}.Ad-Hoc|iPhone.Deploy.0 = Release|Any CPU
		{8E351CD8-8B72-4A6B-9BED-5DB746E3E325}.Ad-Hoc|iPhoneSimulator.ActiveCfg = Release|Any CPU
		{8E351CD8-8B72-4A6B-9BED-5DB746E3E325}.Ad-Hoc|iPhoneSimulator.Build.0 = Release|Any CPU
		{8E351CD8-8B72-4A6B-9BED-5DB746E3E325}.Ad-Hoc|iPhoneSimulator.Deploy.0 = Release|Any CPU
		{8E351CD8-8B72-4A6B-9BED-5DB746E3E325}.Ad-Hoc|x64.ActiveCfg = Release|Any CPU
		{8E351CD8-8B72-4A6B-9BED-5DB746E3E325}.Ad-Hoc|x64.Build.0 = Release|Any CPU
		{8E351CD8-8B72-4A6B-9BED-5DB746E3E325}.Ad-Hoc|x64.Deploy.0 = Release|Any CPU
		{8E351CD8-8B72-4A6B-9BED-5DB746E3E325}.Ad-Hoc|x86.ActiveCfg = Release|Any CPU
		{8E351CD8-8B72-4A6B-9BED-5DB746E3E325}.Ad-Hoc|x86.Build.0 = Release|Any CPU
		{8E351CD8-8B72-4A6B-9BED-5DB746E3E325}.Ad-Hoc|x86.Deploy.0 = Release|Any CPU
		{8E351CD8-8B72-4A6B-9BED-5DB746E3E325}.AppStore|Any CPU.ActiveCfg = Release|Any CPU
		{8E351CD8-8B72-4A6B-9BED-5DB746E3E325}.AppStore|Any CPU.Build.0 = Release|Any CPU
		{8E351CD8-8B72-4A6B-9BED-5DB746E3E325}.AppStore|Any CPU.Deploy.0 = Release|Any CPU
		{8E351CD8-8B72-4A6B-9BED-5DB746E3E325}.AppStore|ARM.ActiveCfg = Release|Any CPU
		{8E351CD8-8B72-4A6B-9BED-5DB746E3E325}.AppStore|ARM.Build.0 = Release|Any CPU
		{8E351CD8-8B72-4A6B-9BED-5DB746E3E325}.AppStore|ARM.Deploy.0 = Release|Any CPU
		{8E351CD8-8B72-4A6B-9BED-5DB746E3E325}.AppStore|iPhone.ActiveCfg = Release|Any CPU
		{8E351CD8-8B72-4A6B-9BED-5DB746E3E325}.AppStore|iPhone.Build.0 = Release|Any CPU
		{8E351CD8-8B72-4A6B-9BED-5DB746E3E325}.AppStore|iPhone.Deploy.0 = Release|Any CPU
		{8E351CD8-8B72-4A6B-9BED-5DB746E3E325}.AppStore|iPhoneSimulator.ActiveCfg = Release|Any CPU
		{8E351CD8-8B72-4A6B-9BED-5DB746E3E325}.AppStore|iPhoneSimulator.Build.0 = Release|Any CPU
		{8E351CD8-8B72-4A6B-9BED-5DB746E3E325}.AppStore|iPhoneSimulator.Deploy.0 = Release|Any CPU
		{8E351CD8-8B72-4A6B-9BED-5DB746E3E325}.AppStore|x64.ActiveCfg = Release|Any CPU
		{8E351CD8-8B72-4A6B-9BED-5DB746E3E325}.AppStore|x64.Build.0 = Release|Any CPU
		{8E351CD8-8B72-4A6B-9BED-5DB746E3E325}.AppStore|x64.Deploy.0 = Release|Any CPU
		{8E351CD8-8B72-4A6B-9BED-5DB746E3E325}.AppStore|x86.ActiveCfg = Release|Any CPU
		{8E351CD8-8B72-4A6B-9BED-5DB746E3E325}.AppStore|x86.Build.0 = Release|Any CPU
		{8E351CD8-8B72-4A6B-9BED-5DB746E3E325}.AppStore|x86.Deploy.0 = Release|Any CPU
		{8E351CD8-8B72-4A6B-9BED-5DB746E3E325}.Debug|Any CPU.ActiveCfg = Debug|Any CPU
		{8E351CD8-8B72-4A6B-9BED-5DB746E3E325}.Debug|Any CPU.Build.0 = Debug|Any CPU
		{8E351CD8-8B72-4A6B-9BED-5DB746E3E325}.Debug|Any CPU.Deploy.0 = Debug|Any CPU
		{8E351CD8-8B72-4A6B-9BED-5DB746E3E325}.Debug|ARM.ActiveCfg = Debug|Any CPU
		{8E351CD8-8B72-4A6B-9BED-5DB746E3E325}.Debug|ARM.Build.0 = Debug|Any CPU
		{8E351CD8-8B72-4A6B-9BED-5DB746E3E325}.Debug|ARM.Deploy.0 = Debug|Any CPU
		{8E351CD8-8B72-4A6B-9BED-5DB746E3E325}.Debug|iPhone.ActiveCfg = Debug|Any CPU
		{8E351CD8-8B72-4A6B-9BED-5DB746E3E325}.Debug|iPhone.Build.0 = Debug|Any CPU
		{8E351CD8-8B72-4A6B-9BED-5DB746E3E325}.Debug|iPhone.Deploy.0 = Debug|Any CPU
		{8E351CD8-8B72-4A6B-9BED-5DB746E3E325}.Debug|iPhoneSimulator.ActiveCfg = Debug|Any CPU
		{8E351CD8-8B72-4A6B-9BED-5DB746E3E325}.Debug|iPhoneSimulator.Build.0 = Debug|Any CPU
		{8E351CD8-8B72-4A6B-9BED-5DB746E3E325}.Debug|iPhoneSimulator.Deploy.0 = Debug|Any CPU
		{8E351CD8-8B72-4A6B-9BED-5DB746E3E325}.Debug|x64.ActiveCfg = Debug|Any CPU
		{8E351CD8-8B72-4A6B-9BED-5DB746E3E325}.Debug|x64.Build.0 = Debug|Any CPU
		{8E351CD8-8B72-4A6B-9BED-5DB746E3E325}.Debug|x64.Deploy.0 = Debug|Any CPU
		{8E351CD8-8B72-4A6B-9BED-5DB746E3E325}.Debug|x86.ActiveCfg = Debug|Any CPU
		{8E351CD8-8B72-4A6B-9BED-5DB746E3E325}.Debug|x86.Build.0 = Debug|Any CPU
		{8E351CD8-8B72-4A6B-9BED-5DB746E3E325}.Debug|x86.Deploy.0 = Debug|Any CPU
		{8E351CD8-8B72-4A6B-9BED-5DB746E3E325}.Release|Any CPU.ActiveCfg = Release|Any CPU
		{8E351CD8-8B72-4A6B-9BED-5DB746E3E325}.Release|Any CPU.Build.0 = Release|Any CPU
		{8E351CD8-8B72-4A6B-9BED-5DB746E3E325}.Release|Any CPU.Deploy.0 = Release|Any CPU
		{8E351CD8-8B72-4A6B-9BED-5DB746E3E325}.Release|ARM.ActiveCfg = Release|Any CPU
		{8E351CD8-8B72-4A6B-9BED-5DB746E3E325}.Release|ARM.Build.0 = Release|Any CPU
		{8E351CD8-8B72-4A6B-9BED-5DB746E3E325}.Release|ARM.Deploy.0 = Release|Any CPU
		{8E351CD8-8B72-4A6B-9BED-5DB746E3E325}.Release|iPhone.ActiveCfg = Release|Any CPU
		{8E351CD8-8B72-4A6B-9BED-5DB746E3E325}.Release|iPhone.Build.0 = Release|Any CPU
		{8E351CD8-8B72-4A6B-9BED-5DB746E3E325}.Release|iPhone.Deploy.0 = Release|Any CPU
		{8E351CD8-8B72-4A6B-9BED-5DB746E3E325}.Release|iPhoneSimulator.ActiveCfg = Release|Any CPU
		{8E351CD8-8B72-4A6B-9BED-5DB746E3E325}.Release|iPhoneSimulator.Build.0 = Release|Any CPU
		{8E351CD8-8B72-4A6B-9BED-5DB746E3E325}.Release|iPhoneSimulator.Deploy.0 = Release|Any CPU
		{8E351CD8-8B72-4A6B-9BED-5DB746E3E325}.Release|x64.ActiveCfg = Release|Any CPU
		{8E351CD8-8B72-4A6B-9BED-5DB746E3E325}.Release|x64.Build.0 = Release|Any CPU
		{8E351CD8-8B72-4A6B-9BED-5DB746E3E325}.Release|x64.Deploy.0 = Release|Any CPU
		{8E351CD8-8B72-4A6B-9BED-5DB746E3E325}.Release|x86.ActiveCfg = Release|Any CPU
		{8E351CD8-8B72-4A6B-9BED-5DB746E3E325}.Release|x86.Build.0 = Release|Any CPU
		{8E351CD8-8B72-4A6B-9BED-5DB746E3E325}.Release|x86.Deploy.0 = Release|Any CPU
		{EA6973A5-3DAE-4611-9130-AF1696703838}.Ad-Hoc|Any CPU.ActiveCfg = Ad-Hoc|iPhone
		{EA6973A5-3DAE-4611-9130-AF1696703838}.Ad-Hoc|Any CPU.Build.0 = Ad-Hoc|iPhone
		{EA6973A5-3DAE-4611-9130-AF1696703838}.Ad-Hoc|Any CPU.Deploy.0 = Ad-Hoc|iPhone
		{EA6973A5-3DAE-4611-9130-AF1696703838}.Ad-Hoc|ARM.ActiveCfg = Ad-Hoc|iPhone
		{EA6973A5-3DAE-4611-9130-AF1696703838}.Ad-Hoc|ARM.Build.0 = Ad-Hoc|iPhone
		{EA6973A5-3DAE-4611-9130-AF1696703838}.Ad-Hoc|ARM.Deploy.0 = Ad-Hoc|iPhone
		{EA6973A5-3DAE-4611-9130-AF1696703838}.Ad-Hoc|iPhone.ActiveCfg = Ad-Hoc|iPhone
		{EA6973A5-3DAE-4611-9130-AF1696703838}.Ad-Hoc|iPhone.Build.0 = Ad-Hoc|iPhone
		{EA6973A5-3DAE-4611-9130-AF1696703838}.Ad-Hoc|iPhone.Deploy.0 = Ad-Hoc|iPhone
		{EA6973A5-3DAE-4611-9130-AF1696703838}.Ad-Hoc|iPhoneSimulator.ActiveCfg = Ad-Hoc|iPhoneSimulator
		{EA6973A5-3DAE-4611-9130-AF1696703838}.Ad-Hoc|iPhoneSimulator.Build.0 = Ad-Hoc|iPhoneSimulator
		{EA6973A5-3DAE-4611-9130-AF1696703838}.Ad-Hoc|iPhoneSimulator.Deploy.0 = Ad-Hoc|iPhoneSimulator
		{EA6973A5-3DAE-4611-9130-AF1696703838}.Ad-Hoc|x64.ActiveCfg = Ad-Hoc|iPhone
		{EA6973A5-3DAE-4611-9130-AF1696703838}.Ad-Hoc|x64.Build.0 = Ad-Hoc|iPhone
		{EA6973A5-3DAE-4611-9130-AF1696703838}.Ad-Hoc|x64.Deploy.0 = Ad-Hoc|iPhone
		{EA6973A5-3DAE-4611-9130-AF1696703838}.Ad-Hoc|x86.ActiveCfg = Ad-Hoc|iPhone
		{EA6973A5-3DAE-4611-9130-AF1696703838}.Ad-Hoc|x86.Build.0 = Ad-Hoc|iPhone
		{EA6973A5-3DAE-4611-9130-AF1696703838}.Ad-Hoc|x86.Deploy.0 = Ad-Hoc|iPhone
		{EA6973A5-3DAE-4611-9130-AF1696703838}.AppStore|Any CPU.ActiveCfg = AppStore|iPhone
		{EA6973A5-3DAE-4611-9130-AF1696703838}.AppStore|Any CPU.Build.0 = AppStore|iPhone
		{EA6973A5-3DAE-4611-9130-AF1696703838}.AppStore|Any CPU.Deploy.0 = AppStore|iPhone
		{EA6973A5-3DAE-4611-9130-AF1696703838}.AppStore|ARM.ActiveCfg = AppStore|iPhone
		{EA6973A5-3DAE-4611-9130-AF1696703838}.AppStore|ARM.Build.0 = AppStore|iPhone
		{EA6973A5-3DAE-4611-9130-AF1696703838}.AppStore|ARM.Deploy.0 = AppStore|iPhone
		{EA6973A5-3DAE-4611-9130-AF1696703838}.AppStore|iPhone.ActiveCfg = AppStore|iPhone
		{EA6973A5-3DAE-4611-9130-AF1696703838}.AppStore|iPhone.Build.0 = AppStore|iPhone
		{EA6973A5-3DAE-4611-9130-AF1696703838}.AppStore|iPhone.Deploy.0 = AppStore|iPhone
		{EA6973A5-3DAE-4611-9130-AF1696703838}.AppStore|iPhoneSimulator.ActiveCfg = AppStore|iPhoneSimulator
		{EA6973A5-3DAE-4611-9130-AF1696703838}.AppStore|iPhoneSimulator.Build.0 = AppStore|iPhoneSimulator
		{EA6973A5-3DAE-4611-9130-AF1696703838}.AppStore|iPhoneSimulator.Deploy.0 = AppStore|iPhoneSimulator
		{EA6973A5-3DAE-4611-9130-AF1696703838}.AppStore|x64.ActiveCfg = AppStore|iPhone
		{EA6973A5-3DAE-4611-9130-AF1696703838}.AppStore|x64.Build.0 = AppStore|iPhone
		{EA6973A5-3DAE-4611-9130-AF1696703838}.AppStore|x64.Deploy.0 = AppStore|iPhone
		{EA6973A5-3DAE-4611-9130-AF1696703838}.AppStore|x86.ActiveCfg = AppStore|iPhone
		{EA6973A5-3DAE-4611-9130-AF1696703838}.AppStore|x86.Build.0 = AppStore|iPhone
		{EA6973A5-3DAE-4611-9130-AF1696703838}.AppStore|x86.Deploy.0 = AppStore|iPhone
		{EA6973A5-3DAE-4611-9130-AF1696703838}.Debug|Any CPU.ActiveCfg = Debug|iPhoneSimulator
		{EA6973A5-3DAE-4611-9130-AF1696703838}.Debug|Any CPU.Build.0 = Debug|iPhoneSimulator
		{EA6973A5-3DAE-4611-9130-AF1696703838}.Debug|Any CPU.Deploy.0 = Debug|iPhoneSimulator
		{EA6973A5-3DAE-4611-9130-AF1696703838}.Debug|ARM.ActiveCfg = Debug|iPhone
		{EA6973A5-3DAE-4611-9130-AF1696703838}.Debug|ARM.Build.0 = Debug|iPhone
		{EA6973A5-3DAE-4611-9130-AF1696703838}.Debug|ARM.Deploy.0 = Debug|iPhone
		{EA6973A5-3DAE-4611-9130-AF1696703838}.Debug|iPhone.ActiveCfg = Debug|iPhone
		{EA6973A5-3DAE-4611-9130-AF1696703838}.Debug|iPhone.Build.0 = Debug|iPhone
		{EA6973A5-3DAE-4611-9130-AF1696703838}.Debug|iPhone.Deploy.0 = Debug|iPhone
		{EA6973A5-3DAE-4611-9130-AF1696703838}.Debug|iPhoneSimulator.ActiveCfg = Debug|iPhoneSimulator
		{EA6973A5-3DAE-4611-9130-AF1696703838}.Debug|iPhoneSimulator.Build.0 = Debug|iPhoneSimulator
		{EA6973A5-3DAE-4611-9130-AF1696703838}.Debug|iPhoneSimulator.Deploy.0 = Debug|iPhoneSimulator
		{EA6973A5-3DAE-4611-9130-AF1696703838}.Debug|x64.ActiveCfg = Debug|iPhone
		{EA6973A5-3DAE-4611-9130-AF1696703838}.Debug|x64.Build.0 = Debug|iPhone
		{EA6973A5-3DAE-4611-9130-AF1696703838}.Debug|x64.Deploy.0 = Debug|iPhone
		{EA6973A5-3DAE-4611-9130-AF1696703838}.Debug|x86.ActiveCfg = Debug|iPhone
		{EA6973A5-3DAE-4611-9130-AF1696703838}.Debug|x86.Build.0 = Debug|iPhone
		{EA6973A5-3DAE-4611-9130-AF1696703838}.Debug|x86.Deploy.0 = Debug|iPhone
		{EA6973A5-3DAE-4611-9130-AF1696703838}.Release|Any CPU.ActiveCfg = Release|iPhone
		{EA6973A5-3DAE-4611-9130-AF1696703838}.Release|Any CPU.Build.0 = Release|iPhone
		{EA6973A5-3DAE-4611-9130-AF1696703838}.Release|Any CPU.Deploy.0 = Release|iPhone
		{EA6973A5-3DAE-4611-9130-AF1696703838}.Release|ARM.ActiveCfg = Release|iPhone
		{EA6973A5-3DAE-4611-9130-AF1696703838}.Release|ARM.Build.0 = Release|iPhone
		{EA6973A5-3DAE-4611-9130-AF1696703838}.Release|ARM.Deploy.0 = Release|iPhone
		{EA6973A5-3DAE-4611-9130-AF1696703838}.Release|iPhone.ActiveCfg = Release|iPhone
		{EA6973A5-3DAE-4611-9130-AF1696703838}.Release|iPhone.Build.0 = Release|iPhone
		{EA6973A5-3DAE-4611-9130-AF1696703838}.Release|iPhone.Deploy.0 = Release|iPhone
		{EA6973A5-3DAE-4611-9130-AF1696703838}.Release|iPhoneSimulator.ActiveCfg = Release|iPhoneSimulator
		{EA6973A5-3DAE-4611-9130-AF1696703838}.Release|iPhoneSimulator.Build.0 = Release|iPhoneSimulator
		{EA6973A5-3DAE-4611-9130-AF1696703838}.Release|iPhoneSimulator.Deploy.0 = Release|iPhoneSimulator
		{EA6973A5-3DAE-4611-9130-AF1696703838}.Release|x64.ActiveCfg = Release|iPhone
		{EA6973A5-3DAE-4611-9130-AF1696703838}.Release|x64.Build.0 = Release|iPhone
		{EA6973A5-3DAE-4611-9130-AF1696703838}.Release|x64.Deploy.0 = Release|iPhone
		{EA6973A5-3DAE-4611-9130-AF1696703838}.Release|x86.ActiveCfg = Release|iPhone
		{EA6973A5-3DAE-4611-9130-AF1696703838}.Release|x86.Build.0 = Release|iPhone
		{EA6973A5-3DAE-4611-9130-AF1696703838}.Release|x86.Deploy.0 = Release|iPhone
		{50397358-7E75-4747-AD97-6DFC253CC4D4}.Ad-Hoc|Any CPU.ActiveCfg = Release|x86
		{50397358-7E75-4747-AD97-6DFC253CC4D4}.Ad-Hoc|Any CPU.Build.0 = Release|x86
		{50397358-7E75-4747-AD97-6DFC253CC4D4}.Ad-Hoc|Any CPU.Deploy.0 = Release|x86
		{50397358-7E75-4747-AD97-6DFC253CC4D4}.Ad-Hoc|ARM.ActiveCfg = Release|ARM
		{50397358-7E75-4747-AD97-6DFC253CC4D4}.Ad-Hoc|ARM.Build.0 = Release|ARM
		{50397358-7E75-4747-AD97-6DFC253CC4D4}.Ad-Hoc|ARM.Deploy.0 = Release|ARM
		{50397358-7E75-4747-AD97-6DFC253CC4D4}.Ad-Hoc|iPhone.ActiveCfg = Release|x86
		{50397358-7E75-4747-AD97-6DFC253CC4D4}.Ad-Hoc|iPhone.Build.0 = Release|x86
		{50397358-7E75-4747-AD97-6DFC253CC4D4}.Ad-Hoc|iPhone.Deploy.0 = Release|x86
		{50397358-7E75-4747-AD97-6DFC253CC4D4}.Ad-Hoc|iPhoneSimulator.ActiveCfg = Release|x86
		{50397358-7E75-4747-AD97-6DFC253CC4D4}.Ad-Hoc|iPhoneSimulator.Build.0 = Release|x86
		{50397358-7E75-4747-AD97-6DFC253CC4D4}.Ad-Hoc|iPhoneSimulator.Deploy.0 = Release|x86
		{50397358-7E75-4747-AD97-6DFC253CC4D4}.Ad-Hoc|x64.ActiveCfg = Release|x64
		{50397358-7E75-4747-AD97-6DFC253CC4D4}.Ad-Hoc|x64.Build.0 = Release|x64
		{50397358-7E75-4747-AD97-6DFC253CC4D4}.Ad-Hoc|x64.Deploy.0 = Release|x64
		{50397358-7E75-4747-AD97-6DFC253CC4D4}.Ad-Hoc|x86.ActiveCfg = Release|x86
		{50397358-7E75-4747-AD97-6DFC253CC4D4}.Ad-Hoc|x86.Build.0 = Release|x86
		{50397358-7E75-4747-AD97-6DFC253CC4D4}.Ad-Hoc|x86.Deploy.0 = Release|x86
		{50397358-7E75-4747-AD97-6DFC253CC4D4}.AppStore|Any CPU.ActiveCfg = Release|x86
		{50397358-7E75-4747-AD97-6DFC253CC4D4}.AppStore|Any CPU.Build.0 = Release|x86
		{50397358-7E75-4747-AD97-6DFC253CC4D4}.AppStore|Any CPU.Deploy.0 = Release|x86
		{50397358-7E75-4747-AD97-6DFC253CC4D4}.AppStore|ARM.ActiveCfg = Release|ARM
		{50397358-7E75-4747-AD97-6DFC253CC4D4}.AppStore|ARM.Build.0 = Release|ARM
		{50397358-7E75-4747-AD97-6DFC253CC4D4}.AppStore|ARM.Deploy.0 = Release|ARM
		{50397358-7E75-4747-AD97-6DFC253CC4D4}.AppStore|iPhone.ActiveCfg = Release|x86
		{50397358-7E75-4747-AD97-6DFC253CC4D4}.AppStore|iPhone.Build.0 = Release|x86
		{50397358-7E75-4747-AD97-6DFC253CC4D4}.AppStore|iPhone.Deploy.0 = Release|x86
		{50397358-7E75-4747-AD97-6DFC253CC4D4}.AppStore|iPhoneSimulator.ActiveCfg = Release|x86
		{50397358-7E75-4747-AD97-6DFC253CC4D4}.AppStore|iPhoneSimulator.Build.0 = Release|x86
		{50397358-7E75-4747-AD97-6DFC253CC4D4}.AppStore|iPhoneSimulator.Deploy.0 = Release|x86
		{50397358-7E75-4747-AD97-6DFC253CC4D4}.AppStore|x64.ActiveCfg = Release|x64
		{50397358-7E75-4747-AD97-6DFC253CC4D4}.AppStore|x64.Build.0 = Release|x64
		{50397358-7E75-4747-AD97-6DFC253CC4D4}.AppStore|x64.Deploy.0 = Release|x64
		{50397358-7E75-4747-AD97-6DFC253CC4D4}.AppStore|x86.ActiveCfg = Release|x86
		{50397358-7E75-4747-AD97-6DFC253CC4D4}.AppStore|x86.Build.0 = Release|x86
		{50397358-7E75-4747-AD97-6DFC253CC4D4}.AppStore|x86.Deploy.0 = Release|x86
		{50397358-7E75-4747-AD97-6DFC253CC4D4}.Debug|Any CPU.ActiveCfg = Debug|x86
		{50397358-7E75-4747-AD97-6DFC253CC4D4}.Debug|Any CPU.Build.0 = Debug|x86
		{50397358-7E75-4747-AD97-6DFC253CC4D4}.Debug|Any CPU.Deploy.0 = Debug|x86
		{50397358-7E75-4747-AD97-6DFC253CC4D4}.Debug|ARM.ActiveCfg = Debug|ARM
		{50397358-7E75-4747-AD97-6DFC253CC4D4}.Debug|ARM.Build.0 = Debug|ARM
		{50397358-7E75-4747-AD97-6DFC253CC4D4}.Debug|ARM.Deploy.0 = Debug|ARM
		{50397358-7E75-4747-AD97-6DFC253CC4D4}.Debug|iPhone.ActiveCfg = Debug|x86
		{50397358-7E75-4747-AD97-6DFC253CC4D4}.Debug|iPhone.Build.0 = Debug|x86
		{50397358-7E75-4747-AD97-6DFC253CC4D4}.Debug|iPhone.Deploy.0 = Debug|x86
		{50397358-7E75-4747-AD97-6DFC253CC4D4}.Debug|iPhoneSimulator.ActiveCfg = Debug|x86
		{50397358-7E75-4747-AD97-6DFC253CC4D4}.Debug|iPhoneSimulator.Build.0 = Debug|x86
		{50397358-7E75-4747-AD97-6DFC253CC4D4}.Debug|iPhoneSimulator.Deploy.0 = Debug|x86
		{50397358-7E75-4747-AD97-6DFC253CC4D4}.Debug|x64.ActiveCfg = Debug|x64
		{50397358-7E75-4747-AD97-6DFC253CC4D4}.Debug|x64.Build.0 = Debug|x64
		{50397358-7E75-4747-AD97-6DFC253CC4D4}.Debug|x64.Deploy.0 = Debug|x64
		{50397358-7E75-4747-AD97-6DFC253CC4D4}.Debug|x86.ActiveCfg = Debug|x86
		{50397358-7E75-4747-AD97-6DFC253CC4D4}.Debug|x86.Build.0 = Debug|x86
		{50397358-7E75-4747-AD97-6DFC253CC4D4}.Debug|x86.Deploy.0 = Debug|x86
		{50397358-7E75-4747-AD97-6DFC253CC4D4}.Release|Any CPU.ActiveCfg = Release|x86
		{50397358-7E75-4747-AD97-6DFC253CC4D4}.Release|Any CPU.Build.0 = Release|x86
		{50397358-7E75-4747-AD97-6DFC253CC4D4}.Release|Any CPU.Deploy.0 = Release|x86
		{50397358-7E75-4747-AD97-6DFC253CC4D4}.Release|ARM.ActiveCfg = Release|ARM
		{50397358-7E75-4747-AD97-6DFC253CC4D4}.Release|ARM.Build.0 = Release|ARM
		{50397358-7E75-4747-AD97-6DFC253CC4D4}.Release|ARM.Deploy.0 = Release|ARM
		{50397358-7E75-4747-AD97-6DFC253CC4D4}.Release|iPhone.ActiveCfg = Release|x86
		{50397358-7E75-4747-AD97-6DFC253CC4D4}.Release|iPhone.Build.0 = Release|x86
		{50397358-7E75-4747-AD97-6DFC253CC4D4}.Release|iPhone.Deploy.0 = Release|x86
		{50397358-7E75-4747-AD97-6DFC253CC4D4}.Release|iPhoneSimulator.ActiveCfg = Release|x86
		{50397358-7E75-4747-AD97-6DFC253CC4D4}.Release|iPhoneSimulator.Build.0 = Release|x86
		{50397358-7E75-4747-AD97-6DFC253CC4D4}.Release|iPhoneSimulator.Deploy.0 = Release|x86
		{50397358-7E75-4747-AD97-6DFC253CC4D4}.Release|x64.ActiveCfg = Release|x64
		{50397358-7E75-4747-AD97-6DFC253CC4D4}.Release|x64.Build.0 = Release|x64
		{50397358-7E75-4747-AD97-6DFC253CC4D4}.Release|x64.Deploy.0 = Release|x64
		{50397358-7E75-4747-AD97-6DFC253CC4D4}.Release|x86.ActiveCfg = Release|x86
		{50397358-7E75-4747-AD97-6DFC253CC4D4}.Release|x86.Build.0 = Release|x86
		{50397358-7E75-4747-AD97-6DFC253CC4D4}.Release|x86.Deploy.0 = Release|x86
		{7365514A-F17F-42E0-B919-FB808B1ED2D7}.Ad-Hoc|Any CPU.ActiveCfg = Debug|Any CPU
		{7365514A-F17F-42E0-B919-FB808B1ED2D7}.Ad-Hoc|Any CPU.Build.0 = Debug|Any CPU
		{7365514A-F17F-42E0-B919-FB808B1ED2D7}.Ad-Hoc|Any CPU.Deploy.0 = Debug|Any CPU
		{7365514A-F17F-42E0-B919-FB808B1ED2D7}.Ad-Hoc|ARM.ActiveCfg = Debug|Any CPU
		{7365514A-F17F-42E0-B919-FB808B1ED2D7}.Ad-Hoc|ARM.Build.0 = Debug|Any CPU
		{7365514A-F17F-42E0-B919-FB808B1ED2D7}.Ad-Hoc|ARM.Deploy.0 = Debug|Any CPU
		{7365514A-F17F-42E0-B919-FB808B1ED2D7}.Ad-Hoc|iPhone.ActiveCfg = Debug|Any CPU
		{7365514A-F17F-42E0-B919-FB808B1ED2D7}.Ad-Hoc|iPhone.Build.0 = Debug|Any CPU
		{7365514A-F17F-42E0-B919-FB808B1ED2D7}.Ad-Hoc|iPhone.Deploy.0 = Debug|Any CPU
		{7365514A-F17F-42E0-B919-FB808B1ED2D7}.Ad-Hoc|iPhoneSimulator.ActiveCfg = Debug|Any CPU
		{7365514A-F17F-42E0-B919-FB808B1ED2D7}.Ad-Hoc|iPhoneSimulator.Build.0 = Debug|Any CPU
		{7365514A-F17F-42E0-B919-FB808B1ED2D7}.Ad-Hoc|iPhoneSimulator.Deploy.0 = Debug|Any CPU
		{7365514A-F17F-42E0-B919-FB808B1ED2D7}.Ad-Hoc|x64.ActiveCfg = Debug|Any CPU
		{7365514A-F17F-42E0-B919-FB808B1ED2D7}.Ad-Hoc|x64.Build.0 = Debug|Any CPU
		{7365514A-F17F-42E0-B919-FB808B1ED2D7}.Ad-Hoc|x64.Deploy.0 = Debug|Any CPU
		{7365514A-F17F-42E0-B919-FB808B1ED2D7}.Ad-Hoc|x86.ActiveCfg = Debug|Any CPU
		{7365514A-F17F-42E0-B919-FB808B1ED2D7}.Ad-Hoc|x86.Build.0 = Debug|Any CPU
		{7365514A-F17F-42E0-B919-FB808B1ED2D7}.Ad-Hoc|x86.Deploy.0 = Debug|Any CPU
		{7365514A-F17F-42E0-B919-FB808B1ED2D7}.AppStore|Any CPU.ActiveCfg = Debug|Any CPU
		{7365514A-F17F-42E0-B919-FB808B1ED2D7}.AppStore|Any CPU.Build.0 = Debug|Any CPU
		{7365514A-F17F-42E0-B919-FB808B1ED2D7}.AppStore|Any CPU.Deploy.0 = Debug|Any CPU
		{7365514A-F17F-42E0-B919-FB808B1ED2D7}.AppStore|ARM.ActiveCfg = Debug|Any CPU
		{7365514A-F17F-42E0-B919-FB808B1ED2D7}.AppStore|ARM.Build.0 = Debug|Any CPU
		{7365514A-F17F-42E0-B919-FB808B1ED2D7}.AppStore|ARM.Deploy.0 = Debug|Any CPU
		{7365514A-F17F-42E0-B919-FB808B1ED2D7}.AppStore|iPhone.ActiveCfg = Debug|Any CPU
		{7365514A-F17F-42E0-B919-FB808B1ED2D7}.AppStore|iPhone.Build.0 = Debug|Any CPU
		{7365514A-F17F-42E0-B919-FB808B1ED2D7}.AppStore|iPhone.Deploy.0 = Debug|Any CPU
		{7365514A-F17F-42E0-B919-FB808B1ED2D7}.AppStore|iPhoneSimulator.ActiveCfg = Debug|Any CPU
		{7365514A-F17F-42E0-B919-FB808B1ED2D7}.AppStore|iPhoneSimulator.Build.0 = Debug|Any CPU
		{7365514A-F17F-42E0-B919-FB808B1ED2D7}.AppStore|iPhoneSimulator.Deploy.0 = Debug|Any CPU
		{7365514A-F17F-42E0-B919-FB808B1ED2D7}.AppStore|x64.ActiveCfg = Debug|Any CPU
		{7365514A-F17F-42E0-B919-FB808B1ED2D7}.AppStore|x64.Build.0 = Debug|Any CPU
		{7365514A-F17F-42E0-B919-FB808B1ED2D7}.AppStore|x64.Deploy.0 = Debug|Any CPU
		{7365514A-F17F-42E0-B919-FB808B1ED2D7}.AppStore|x86.ActiveCfg = Debug|Any CPU
		{7365514A-F17F-42E0-B919-FB808B1ED2D7}.AppStore|x86.Build.0 = Debug|Any CPU
		{7365514A-F17F-42E0-B919-FB808B1ED2D7}.AppStore|x86.Deploy.0 = Debug|Any CPU
		{7365514A-F17F-42E0-B919-FB808B1ED2D7}.Debug|Any CPU.ActiveCfg = Debug|Any CPU
		{7365514A-F17F-42E0-B919-FB808B1ED2D7}.Debug|Any CPU.Build.0 = Debug|Any CPU
		{7365514A-F17F-42E0-B919-FB808B1ED2D7}.Debug|Any CPU.Deploy.0 = Debug|Any CPU
		{7365514A-F17F-42E0-B919-FB808B1ED2D7}.Debug|ARM.ActiveCfg = Debug|Any CPU
		{7365514A-F17F-42E0-B919-FB808B1ED2D7}.Debug|ARM.Build.0 = Debug|Any CPU
		{7365514A-F17F-42E0-B919-FB808B1ED2D7}.Debug|ARM.Deploy.0 = Debug|Any CPU
		{7365514A-F17F-42E0-B919-FB808B1ED2D7}.Debug|iPhone.ActiveCfg = Debug|Any CPU
		{7365514A-F17F-42E0-B919-FB808B1ED2D7}.Debug|iPhone.Build.0 = Debug|Any CPU
		{7365514A-F17F-42E0-B919-FB808B1ED2D7}.Debug|iPhone.Deploy.0 = Debug|Any CPU
		{7365514A-F17F-42E0-B919-FB808B1ED2D7}.Debug|iPhoneSimulator.ActiveCfg = Debug|Any CPU
		{7365514A-F17F-42E0-B919-FB808B1ED2D7}.Debug|iPhoneSimulator.Build.0 = Debug|Any CPU
		{7365514A-F17F-42E0-B919-FB808B1ED2D7}.Debug|iPhoneSimulator.Deploy.0 = Debug|Any CPU
		{7365514A-F17F-42E0-B919-FB808B1ED2D7}.Debug|x64.ActiveCfg = Debug|Any CPU
		{7365514A-F17F-42E0-B919-FB808B1ED2D7}.Debug|x64.Build.0 = Debug|Any CPU
		{7365514A-F17F-42E0-B919-FB808B1ED2D7}.Debug|x64.Deploy.0 = Debug|Any CPU
		{7365514A-F17F-42E0-B919-FB808B1ED2D7}.Debug|x86.ActiveCfg = Debug|Any CPU
		{7365514A-F17F-42E0-B919-FB808B1ED2D7}.Debug|x86.Build.0 = Debug|Any CPU
		{7365514A-F17F-42E0-B919-FB808B1ED2D7}.Debug|x86.Deploy.0 = Debug|Any CPU
		{7365514A-F17F-42E0-B919-FB808B1ED2D7}.Release|Any CPU.ActiveCfg = Release|Any CPU
		{7365514A-F17F-42E0-B919-FB808B1ED2D7}.Release|Any CPU.Build.0 = Release|Any CPU
		{7365514A-F17F-42E0-B919-FB808B1ED2D7}.Release|Any CPU.Deploy.0 = Release|Any CPU
		{7365514A-F17F-42E0-B919-FB808B1ED2D7}.Release|ARM.ActiveCfg = Release|Any CPU
		{7365514A-F17F-42E0-B919-FB808B1ED2D7}.Release|ARM.Build.0 = Release|Any CPU
		{7365514A-F17F-42E0-B919-FB808B1ED2D7}.Release|ARM.Deploy.0 = Release|Any CPU
		{7365514A-F17F-42E0-B919-FB808B1ED2D7}.Release|iPhone.ActiveCfg = Release|Any CPU
		{7365514A-F17F-42E0-B919-FB808B1ED2D7}.Release|iPhone.Build.0 = Release|Any CPU
		{7365514A-F17F-42E0-B919-FB808B1ED2D7}.Release|iPhone.Deploy.0 = Release|Any CPU
		{7365514A-F17F-42E0-B919-FB808B1ED2D7}.Release|iPhoneSimulator.ActiveCfg = Release|Any CPU
		{7365514A-F17F-42E0-B919-FB808B1ED2D7}.Release|iPhoneSimulator.Build.0 = Release|Any CPU
		{7365514A-F17F-42E0-B919-FB808B1ED2D7}.Release|iPhoneSimulator.Deploy.0 = Release|Any CPU
		{7365514A-F17F-42E0-B919-FB808B1ED2D7}.Release|x64.ActiveCfg = Release|Any CPU
		{7365514A-F17F-42E0-B919-FB808B1ED2D7}.Release|x64.Build.0 = Release|Any CPU
		{7365514A-F17F-42E0-B919-FB808B1ED2D7}.Release|x64.Deploy.0 = Release|Any CPU
		{7365514A-F17F-42E0-B919-FB808B1ED2D7}.Release|x86.ActiveCfg = Release|Any CPU
		{7365514A-F17F-42E0-B919-FB808B1ED2D7}.Release|x86.Build.0 = Release|Any CPU
		{7365514A-F17F-42E0-B919-FB808B1ED2D7}.Release|x86.Deploy.0 = Release|Any CPU
	EndGlobalSection
	GlobalSection(SolutionProperties) = preSolution
		HideSolutionNode = FALSE
	EndGlobalSection
	GlobalSection(ExtensibilityGlobals) = postSolution
		SolutionGuid = {98F15084-6FC7-4249-B0B2-CAAAE1DD5B03}
	EndGlobalSection
EndGlobal
